
Microsoft Visual Studio Solution File, Format Version 12.00
# Visual Studio 14
VisualStudioVersion = 14.0.25123.0
MinimumVisualStudioVersion = 10.0.40219.1
Project("{8BC9CEB8-8B4A-11D0-8D11-00A0C91BC942}") = "ModernEffective", "ModernEffective\ModernEffective.vcxproj", "{A2EF402C-3DDD-4B5D-8992-5B44E6BE3623}"
EndProject
Project("{8BC9CEB8-8B4A-11D0-8D11-00A0C91BC942}") = "Type", "TypeTemplate\TypeTemplate.vcxproj", "{0A5CF18D-EC12-4C2A-B8EB-0F7483052179}"
EndProject
Project("{FAE04EC0-301F-11D3-BF4B-00C04F79EFBC}") = "LibTemplate", "LibTemplate\LibTemplate.csproj", "{D3E732D0-F66B-4308-8B7B-0D90597E7151}"
EndProject
Project("{FAE04EC0-301F-11D3-BF4B-00C04F79EFBC}") = "Test", "Test\Test.csproj", "{57146966-4BFD-4C6A-B91C-3410A1F374F7}"
EndProject
Project("{8BC9CEB8-8B4A-11D0-8D11-00A0C91BC942}") = "constexpr", "constexpr\constexpr.vcxproj", "{C4B40369-FF6E-4473-AB83-9E8F638C8F26}"
EndProject
Project("{8BC9CEB8-8B4A-11D0-8D11-00A0C91BC942}") = "SmartPointer", "SmartPointer\SmartPointer.vcxproj", "{759B5163-2F0D-489B-82B1-4EBC331AC6A5}"
EndProject
Global
	GlobalSection(SolutionConfigurationPlatforms) = preSolution
		Debug|Any CPU = Debug|Any CPU
		Debug|x64 = Debug|x64
		Debug|x86 = Debug|x86
		Release|Any CPU = Release|Any CPU
		Release|x64 = Release|x64
		Release|x86 = Release|x86
	EndGlobalSection
	GlobalSection(ProjectConfigurationPlatforms) = postSolution
		{A2EF402C-3DDD-4B5D-8992-5B44E6BE3623}.Debug|Any CPU.ActiveCfg = Debug|Win32
		{A2EF402C-3DDD-4B5D-8992-5B44E6BE3623}.Debug|x64.ActiveCfg = Debug|x64
		{A2EF402C-3DDD-4B5D-8992-5B44E6BE3623}.Debug|x64.Build.0 = Debug|x64
		{A2EF402C-3DDD-4B5D-8992-5B44E6BE3623}.Debug|x86.ActiveCfg = Debug|Win32
		{A2EF402C-3DDD-4B5D-8992-5B44E6BE3623}.Debug|x86.Build.0 = Debug|Win32
		{A2EF402C-3DDD-4B5D-8992-5B44E6BE3623}.Release|Any CPU.ActiveCfg = Release|Win32
		{A2EF402C-3DDD-4B5D-8992-5B44E6BE3623}.Release|x64.ActiveCfg = Release|x64
		{A2EF402C-3DDD-4B5D-8992-5B44E6BE3623}.Release|x64.Build.0 = Release|x64
		{A2EF402C-3DDD-4B5D-8992-5B44E6BE3623}.Release|x86.ActiveCfg = Release|Win32
		{A2EF402C-3DDD-4B5D-8992-5B44E6BE3623}.Release|x86.Build.0 = Release|Win32
		{0A5CF18D-EC12-4C2A-B8EB-0F7483052179}.Debug|Any CPU.ActiveCfg = Debug|Win32
		{0A5CF18D-EC12-4C2A-B8EB-0F7483052179}.Debug|x64.ActiveCfg = Debug|x64
		{0A5CF18D-EC12-4C2A-B8EB-0F7483052179}.Debug|x64.Build.0 = Debug|x64
		{0A5CF18D-EC12-4C2A-B8EB-0F7483052179}.Debug|x86.ActiveCfg = Debug|Win32
		{0A5CF18D-EC12-4C2A-B8EB-0F7483052179}.Debug|x86.Build.0 = Debug|Win32
		{0A5CF18D-EC12-4C2A-B8EB-0F7483052179}.Release|Any CPU.ActiveCfg = Release|Win32
		{0A5CF18D-EC12-4C2A-B8EB-0F7483052179}.Release|x64.ActiveCfg = Release|x64
		{0A5CF18D-EC12-4C2A-B8EB-0F7483052179}.Release|x64.Build.0 = Release|x64
		{0A5CF18D-EC12-4C2A-B8EB-0F7483052179}.Release|x86.ActiveCfg = Release|Win32
		{0A5CF18D-EC12-4C2A-B8EB-0F7483052179}.Release|x86.Build.0 = Release|Win32
		{D3E732D0-F66B-4308-8B7B-0D90597E7151}.Debug|Any CPU.ActiveCfg = Debug|Any CPU
		{D3E732D0-F66B-4308-8B7B-0D90597E7151}.Debug|Any CPU.Build.0 = Debug|Any CPU
		{D3E732D0-F66B-4308-8B7B-0D90597E7151}.Debug|x64.ActiveCfg = Debug|Any CPU
		{D3E732D0-F66B-4308-8B7B-0D90597E7151}.Debug|x64.Build.0 = Debug|Any CPU
		{D3E732D0-F66B-4308-8B7B-0D90597E7151}.Debug|x86.ActiveCfg = Debug|Any CPU
		{D3E732D0-F66B-4308-8B7B-0D90597E7151}.Debug|x86.Build.0 = Debug|Any CPU
		{D3E732D0-F66B-4308-8B7B-0D90597E7151}.Release|Any CPU.ActiveCfg = Release|Any CPU
		{D3E732D0-F66B-4308-8B7B-0D90597E7151}.Release|Any CPU.Build.0 = Release|Any CPU
		{D3E732D0-F66B-4308-8B7B-0D90597E7151}.Release|x64.ActiveCfg = Release|Any CPU
		{D3E732D0-F66B-4308-8B7B-0D90597E7151}.Release|x64.Build.0 = Release|Any CPU
		{D3E732D0-F66B-4308-8B7B-0D90597E7151}.Release|x86.ActiveCfg = Release|Any CPU
		{D3E732D0-F66B-4308-8B7B-0D90597E7151}.Release|x86.Build.0 = Release|Any CPU
		{57146966-4BFD-4C6A-B91C-3410A1F374F7}.Debug|Any CPU.ActiveCfg = Debug|Any CPU
		{57146966-4BFD-4C6A-B91C-3410A1F374F7}.Debug|Any CPU.Build.0 = Debug|Any CPU
		{57146966-4BFD-4C6A-B91C-3410A1F374F7}.Debug|x64.ActiveCfg = Debug|Any CPU
		{57146966-4BFD-4C6A-B91C-3410A1F374F7}.Debug|x64.Build.0 = Debug|Any CPU
		{57146966-4BFD-4C6A-B91C-3410A1F374F7}.Debug|x86.ActiveCfg = Debug|Any CPU
		{57146966-4BFD-4C6A-B91C-3410A1F374F7}.Debug|x86.Build.0 = Debug|Any CPU
		{57146966-4BFD-4C6A-B91C-3410A1F374F7}.Release|Any CPU.ActiveCfg = Release|Any CPU
		{57146966-4BFD-4C6A-B91C-3410A1F374F7}.Release|Any CPU.Build.0 = Release|Any CPU
		{57146966-4BFD-4C6A-B91C-3410A1F374F7}.Release|x64.ActiveCfg = Release|Any CPU
		{57146966-4BFD-4C6A-B91C-3410A1F374F7}.Release|x64.Build.0 = Release|Any CPU
		{57146966-4BFD-4C6A-B91C-3410A1F374F7}.Release|x86.ActiveCfg = Release|Any CPU
		{57146966-4BFD-4C6A-B91C-3410A1F374F7}.Release|x86.Build.0 = Release|Any CPU
		{C4B40369-FF6E-4473-AB83-9E8F638C8F26}.Debug|Any CPU.ActiveCfg = Debug|Win32
		{C4B40369-FF6E-4473-AB83-9E8F638C8F26}.Debug|x64.ActiveCfg = Debug|x64
		{C4B40369-FF6E-4473-AB83-9E8F638C8F26}.Debug|x64.Build.0 = Debug|x64
		{C4B40369-FF6E-4473-AB83-9E8F638C8F26}.Debug|x86.ActiveCfg = Debug|Win32
		{C4B40369-FF6E-4473-AB83-9E8F638C8F26}.Debug|x86.Build.0 = Debug|Win32
		{C4B40369-FF6E-4473-AB83-9E8F638C8F26}.Release|Any CPU.ActiveCfg = Release|Win32
		{C4B40369-FF6E-4473-AB83-9E8F638C8F26}.Release|x64.ActiveCfg = Release|x64
		{C4B40369-FF6E-4473-AB83-9E8F638C8F26}.Release|x64.Build.0 = Release|x64
		{C4B40369-FF6E-4473-AB83-9E8F638C8F26}.Release|x86.ActiveCfg = Release|Win32
		{C4B40369-FF6E-4473-AB83-9E8F638C8F26}.Release|x86.Build.0 = Release|Win32
		{759B5163-2F0D-489B-82B1-4EBC331AC6A5}.Debug|Any CPU.ActiveCfg = Debug|Win32
		{759B5163-2F0D-489B-82B1-4EBC331AC6A5}.Debug|x64.ActiveCfg = Debug|x64
		{759B5163-2F0D-489B-82B1-4EBC331AC6A5}.Debug|x64.Build.0 = Debug|x64
		{759B5163-2F0D-489B-82B1-4EBC331AC6A5}.Debug|x86.ActiveCfg = Debug|Win32
		{759B5163-2F0D-489B-82B1-4EBC331AC6A5}.Debug|x86.Build.0 = Debug|Win32
		{759B5163-2F0D-489B-82B1-4EBC331AC6A5}.Release|Any CPU.ActiveCfg = Release|Win32
		{759B5163-2F0D-489B-82B1-4EBC331AC6A5}.Release|x64.ActiveCfg = Release|x64
		{759B5163-2F0D-489B-82B1-4EBC331AC6A5}.Release|x64.Build.0 = Release|x64
		{759B5163-2F0D-489B-82B1-4EBC331AC6A5}.Release|x86.ActiveCfg = Release|Win32
		{759B5163-2F0D-489B-82B1-4EBC331AC6A5}.Release|x86.Build.0 = Release|Win32
	EndGlobalSection
	GlobalSection(SolutionProperties) = preSolution
		HideSolutionNode = FALSE
	EndGlobalSection
EndGlobal
