
Microsoft Visual Studio Solution File, Format Version 12.00
# Visual Studio 15
VisualStudioVersion = 15.0.27130.2036
MinimumVisualStudioVersion = 10.0.40219.1
Project("{888888A0-9F3D-457C-B088-3A5042F75D52}") = "ComputerVision", "ComputerVision.pyproj", "{CF00A216-9A2F-4D79-8572-573C31357130}"
EndProject
Global
	GlobalSection(SolutionConfigurationPlatforms) = preSolution
		Debug|Any CPU = Debug|Any CPU
		Release|Any CPU = Release|Any CPU
	EndGlobalSection
	GlobalSection(ProjectConfigurationPlatforms) = postSolution
		{CF00A216-9A2F-4D79-8572-573C31357130}.Debug|Any CPU.ActiveCfg = Debug|Any CPU
		{CF00A216-9A2F-4D79-8572-573C31357130}.Release|Any CPU.ActiveCfg = Release|Any CPU
	EndGlobalSection
	GlobalSection(SolutionProperties) = preSolution
		HideSolutionNode = FALSE
	EndGlobalSection
	GlobalSection(ExtensibilityGlobals) = postSolution
		SolutionGuid = {BA592A78-8755-4E45-9B24-6BFCC3894DBC}
	EndGlobalSection
EndGlobal
